{
    "name": "@vanthaita/orca",
    "version": "0.1.24",
    "lockfileVersion": 3,
    "requires": true,
    "packages": {
        "": {
            "name": "@vanthaita/orca",
            "version": "0.1.24",
            "cpu": [
                "x64",
                "arm64"
            ],
            "hasInstallScript": true,
            "license": "MIT",
            "os": [
                "darwin",
                "linux",
                "win32"
            ],
            "bin": {
                "orca": "bin/orca.js"
            },
            "engines": {
                "node": ">=14.0.0"
            }
        }
    }
}